
Microsoft Visual Studio Solution File, Format Version 12.00
# Visual Studio Version 17
VisualStudioVersion = 17.5.33530.505
MinimumVisualStudioVersion = 10.0.40219.1
Project("{9A19103F-16F7-4668-BE54-9A1E7A4F7556}") = "HomeInsideOut.Api", "HomeInsideOut.Api\HomeInsideOut.Api.csproj", "{902F8063-2E13-42FB-BB7C-FBA9F899E8E4}"
EndProject
Project("{9A19103F-16F7-4668-BE54-9A1E7A4F7556}") = "HomeInsideOut.Tests", "HomeInsideOut.Tests\HomeInsideOut.Tests.csproj", "{CBB42C37-B37E-4DBF-A35D-D07FCA501039}"
EndProject
Project("{2150E333-8FDC-42A3-9474-1A3956D46DE8}") = "Documentations", "Documentations", "{70358966-85B9-47E2-A144-7472B0191449}"
	ProjectSection(SolutionItems) = preProject
		model_generation.txt = model_generation.txt
	EndProjectSection
EndProject
Project("{2150E333-8FDC-42A3-9474-1A3956D46DE8}") = "Modules", "Modules", "{E3F6AA9E-1965-47A0-899C-4D4B17541360}"
EndProject
Project("{2150E333-8FDC-42A3-9474-1A3956D46DE8}") = "Shared", "Shared", "{B0D57B88-6078-4905-978E-A94B740CD62E}"
EndProject
Project("{9A19103F-16F7-4668-BE54-9A1E7A4F7556}") = "Shared.Infrastructure", "Shared.Infrastructure\Shared.Infrastructure.csproj", "{86E4815F-6A66-43C1-961E-EAFC4FF58A23}"
EndProject
Project("{2150E333-8FDC-42A3-9474-1A3956D46DE8}") = "Identity", "Identity", "{8F44FACC-4927-4E91-B339-03658DBC10BB}"
EndProject
Project("{9A19103F-16F7-4668-BE54-9A1E7A4F7556}") = "Module.Identity", "Module.Identity\Module.Identity.csproj", "{71439ACF-EF8E-4C6A-8F69-123893D09FDC}"
EndProject
Project("{9A19103F-16F7-4668-BE54-9A1E7A4F7556}") = "Module.Identity.BusinessLayer", "Module.Identity.BusinessLayer\Module.Identity.BusinessLayer.csproj", "{BA219967-B090-4D59-9084-E3C18B02B063}"
EndProject
Project("{9A19103F-16F7-4668-BE54-9A1E7A4F7556}") = "Module.Identity.DataLayer", "Module.Identity.DataLayer\Module.Identity.DataLayer.csproj", "{5FB74B12-85C7-4CC5-8471-D749238E0FDA}"
EndProject
Project("{9A19103F-16F7-4668-BE54-9A1E7A4F7556}") = "Shared.Api", "Shared.Api\Shared.Api.csproj", "{756F105E-5C12-4449-BF57-5B9A73BA5B8E}"
EndProject
Project("{9A19103F-16F7-4668-BE54-9A1E7A4F7556}") = "Shared.BusinessLayer", "Shared.BusinessLayer\Shared.BusinessLayer.csproj", "{F6E5FC73-D326-4456-96BD-969CC91C1C69}"
EndProject
Project("{9A19103F-16F7-4668-BE54-9A1E7A4F7556}") = "Shared.DataLayer", "Shared.DataLayer\Shared.DataLayer.csproj", "{58C2CFD3-FC9C-4814-A85B-0A9299DF824D}"
EndProject
Project("{9A19103F-16F7-4668-BE54-9A1E7A4F7556}") = "Shared.Utils", "Shared.Utils\Shared.Utils.csproj", "{26D114AF-8346-4042-8687-2EB76C246EB3}"
EndProject
Global
	GlobalSection(SolutionConfigurationPlatforms) = preSolution
		Debug|Any CPU = Debug|Any CPU
		Release|Any CPU = Release|Any CPU
	EndGlobalSection
	GlobalSection(ProjectConfigurationPlatforms) = postSolution
		{902F8063-2E13-42FB-BB7C-FBA9F899E8E4}.Debug|Any CPU.ActiveCfg = Debug|Any CPU
		{902F8063-2E13-42FB-BB7C-FBA9F899E8E4}.Debug|Any CPU.Build.0 = Debug|Any CPU
		{902F8063-2E13-42FB-BB7C-FBA9F899E8E4}.Release|Any CPU.ActiveCfg = Release|Any CPU
		{902F8063-2E13-42FB-BB7C-FBA9F899E8E4}.Release|Any CPU.Build.0 = Release|Any CPU
		{CBB42C37-B37E-4DBF-A35D-D07FCA501039}.Debug|Any CPU.ActiveCfg = Debug|Any CPU
		{CBB42C37-B37E-4DBF-A35D-D07FCA501039}.Debug|Any CPU.Build.0 = Debug|Any CPU
		{CBB42C37-B37E-4DBF-A35D-D07FCA501039}.Release|Any CPU.ActiveCfg = Release|Any CPU
		{CBB42C37-B37E-4DBF-A35D-D07FCA501039}.Release|Any CPU.Build.0 = Release|Any CPU
		{86E4815F-6A66-43C1-961E-EAFC4FF58A23}.Debug|Any CPU.ActiveCfg = Debug|Any CPU
		{86E4815F-6A66-43C1-961E-EAFC4FF58A23}.Debug|Any CPU.Build.0 = Debug|Any CPU
		{86E4815F-6A66-43C1-961E-EAFC4FF58A23}.Release|Any CPU.ActiveCfg = Release|Any CPU
		{86E4815F-6A66-43C1-961E-EAFC4FF58A23}.Release|Any CPU.Build.0 = Release|Any CPU
		{71439ACF-EF8E-4C6A-8F69-123893D09FDC}.Debug|Any CPU.ActiveCfg = Debug|Any CPU
		{71439ACF-EF8E-4C6A-8F69-123893D09FDC}.Debug|Any CPU.Build.0 = Debug|Any CPU
		{71439ACF-EF8E-4C6A-8F69-123893D09FDC}.Release|Any CPU.ActiveCfg = Release|Any CPU
		{71439ACF-EF8E-4C6A-8F69-123893D09FDC}.Release|Any CPU.Build.0 = Release|Any CPU
		{BA219967-B090-4D59-9084-E3C18B02B063}.Debug|Any CPU.ActiveCfg = Debug|Any CPU
		{BA219967-B090-4D59-9084-E3C18B02B063}.Debug|Any CPU.Build.0 = Debug|Any CPU
		{BA219967-B090-4D59-9084-E3C18B02B063}.Release|Any CPU.ActiveCfg = Release|Any CPU
		{BA219967-B090-4D59-9084-E3C18B02B063}.Release|Any CPU.Build.0 = Release|Any CPU
		{5FB74B12-85C7-4CC5-8471-D749238E0FDA}.Debug|Any CPU.ActiveCfg = Debug|Any CPU
		{5FB74B12-85C7-4CC5-8471-D749238E0FDA}.Debug|Any CPU.Build.0 = Debug|Any CPU
		{5FB74B12-85C7-4CC5-8471-D749238E0FDA}.Release|Any CPU.ActiveCfg = Release|Any CPU
		{5FB74B12-85C7-4CC5-8471-D749238E0FDA}.Release|Any CPU.Build.0 = Release|Any CPU
		{756F105E-5C12-4449-BF57-5B9A73BA5B8E}.Debug|Any CPU.ActiveCfg = Debug|Any CPU
		{756F105E-5C12-4449-BF57-5B9A73BA5B8E}.Debug|Any CPU.Build.0 = Debug|Any CPU
		{756F105E-5C12-4449-BF57-5B9A73BA5B8E}.Release|Any CPU.ActiveCfg = Release|Any CPU
		{756F105E-5C12-4449-BF57-5B9A73BA5B8E}.Release|Any CPU.Build.0 = Release|Any CPU
		{F6E5FC73-D326-4456-96BD-969CC91C1C69}.Debug|Any CPU.ActiveCfg = Debug|Any CPU
		{F6E5FC73-D326-4456-96BD-969CC91C1C69}.Debug|Any CPU.Build.0 = Debug|Any CPU
		{F6E5FC73-D326-4456-96BD-969CC91C1C69}.Release|Any CPU.ActiveCfg = Release|Any CPU
		{F6E5FC73-D326-4456-96BD-969CC91C1C69}.Release|Any CPU.Build.0 = Release|Any CPU
		{58C2CFD3-FC9C-4814-A85B-0A9299DF824D}.Debug|Any CPU.ActiveCfg = Debug|Any CPU
		{58C2CFD3-FC9C-4814-A85B-0A9299DF824D}.Debug|Any CPU.Build.0 = Debug|Any CPU
		{58C2CFD3-FC9C-4814-A85B-0A9299DF824D}.Release|Any CPU.ActiveCfg = Release|Any CPU
		{58C2CFD3-FC9C-4814-A85B-0A9299DF824D}.Release|Any CPU.Build.0 = Release|Any CPU
		{26D114AF-8346-4042-8687-2EB76C246EB3}.Debug|Any CPU.ActiveCfg = Debug|Any CPU
		{26D114AF-8346-4042-8687-2EB76C246EB3}.Debug|Any CPU.Build.0 = Debug|Any CPU
		{26D114AF-8346-4042-8687-2EB76C246EB3}.Release|Any CPU.ActiveCfg = Release|Any CPU
		{26D114AF-8346-4042-8687-2EB76C246EB3}.Release|Any CPU.Build.0 = Release|Any CPU
	EndGlobalSection
	GlobalSection(SolutionProperties) = preSolution
		HideSolutionNode = FALSE
	EndGlobalSection
	GlobalSection(NestedProjects) = preSolution
		{86E4815F-6A66-43C1-961E-EAFC4FF58A23} = {B0D57B88-6078-4905-978E-A94B740CD62E}
		{8F44FACC-4927-4E91-B339-03658DBC10BB} = {E3F6AA9E-1965-47A0-899C-4D4B17541360}
		{71439ACF-EF8E-4C6A-8F69-123893D09FDC} = {8F44FACC-4927-4E91-B339-03658DBC10BB}
		{BA219967-B090-4D59-9084-E3C18B02B063} = {8F44FACC-4927-4E91-B339-03658DBC10BB}
		{5FB74B12-85C7-4CC5-8471-D749238E0FDA} = {8F44FACC-4927-4E91-B339-03658DBC10BB}
		{756F105E-5C12-4449-BF57-5B9A73BA5B8E} = {B0D57B88-6078-4905-978E-A94B740CD62E}
		{F6E5FC73-D326-4456-96BD-969CC91C1C69} = {B0D57B88-6078-4905-978E-A94B740CD62E}
		{58C2CFD3-FC9C-4814-A85B-0A9299DF824D} = {B0D57B88-6078-4905-978E-A94B740CD62E}
		{26D114AF-8346-4042-8687-2EB76C246EB3} = {B0D57B88-6078-4905-978E-A94B740CD62E}
	EndGlobalSection
	GlobalSection(ExtensibilityGlobals) = postSolution
		SolutionGuid = {A9ACC307-8A99-4DC3-BDB0-5774E4EB108E}
	EndGlobalSection
EndGlobal
